{
  "name": "tech.sonoff",
  "version": "0.0.29",
  "lockfileVersion": 1,
  "requires": true,
  "dependencies": {
    "@athombv/data-types": {
      "version": "1.1.4",
      "resolved": "https://registry.npmjs.org/@athombv/data-types/-/data-types-1.1.4.tgz",
      "integrity": "sha512-89c28Cek3rQjYNlZg6UbylSd7yhl0RBX96PZhWZDgJBIBkEju2DI+9xWKVF4YFjXwUlQIEWfq3UBlYC5c5JmLQ=="
    },
    "@types/tinycolor2": {
      "version": "1.4.4",
      "resolved": "https://registry.npmjs.org/@types/tinycolor2/-/tinycolor2-1.4.4.tgz",
      "integrity": "sha512-FYK4mlLxUUajo/mblv7EUDHku20qT6ThYNsGZsTHilcHRvIkF8WXqtZO+DVTYkpHWCaAT97LueV59H/5Ve3bGA=="
    },
    "almost-equal": {
      "version": "1.1.0",
      "resolved": "https://registry.npmjs.org/almost-equal/-/almost-equal-1.1.0.tgz",
      "integrity": "sha512-0V/PkoculFl5+0Lp47JoxUcO0xSxhIBvm+BxHdD/OgXNmdRpRHCFnKVuUoWyS9EzQP+otSGv0m9Lb4yVkQBn2A=="
    },
    "color-space": {
      "version": "1.16.0",
      "resolved": "https://registry.npmjs.org/color-space/-/color-space-1.16.0.tgz",
      "integrity": "sha512-A6WMiFzunQ8KEPFmj02OnnoUnqhmSaHaZ/0LVFcPTdlvm8+3aMJ5x1HRHy3bDHPkovkf4sS0f4wsVvwk71fKkg==",
      "requires": {
        "hsluv": "^0.0.3",
        "mumath": "^3.3.4"
      }
    },
    "debug": {
      "version": "4.3.4",
      "resolved": "https://registry.npmjs.org/debug/-/debug-4.3.4.tgz",
      "integrity": "sha512-PRWFHuSU3eDtQJPvnNY7Jcket1j0t5OuOsFzPPzsekD52Zl8qUfFIPEiswXqIvHWGVHOgX+7G/vCNNhehwxfkQ==",
      "requires": {
        "ms": "2.1.2"
      }
    },
    "homey-zigbeedriver": {
      "version": "2.1.1",
      "resolved": "https://registry.npmjs.org/homey-zigbeedriver/-/homey-zigbeedriver-2.1.1.tgz",
      "integrity": "sha512-sKKUsi15LY05Ew9FhwVoSlZ00O5k7Lt0/QlqZqTG/MtW1a86YmNjcMUIHdIGLFAk8cYSra7vt+gyw3nS2d7dkg==",
      "requires": {
        "color-space": "^1.16.0",
        "tinygradient": "^1.1.1"
      }
    },
    "hsluv": {
      "version": "0.0.3",
      "resolved": "https://registry.npmjs.org/hsluv/-/hsluv-0.0.3.tgz",
      "integrity": "sha512-08iL2VyCRbkQKBySkSh6m8zMUa3sADAxGVWs3Z1aPcUkTJeK0ETG4Fc27tEmQBGUAXZjIsXOZqBvacuVNSC/fQ=="
    },
    "ms": {
      "version": "2.1.2",
      "resolved": "https://registry.npmjs.org/ms/-/ms-2.1.2.tgz",
      "integrity": "sha512-sGkPx+VjMtmA6MX27oA4FBFELFCZZ4S4XqeGOXCv68tT+jb3vk/RyaKWP0PTKyWtmLSM0b+adUTEvbs1PEaH2w=="
    },
    "mumath": {
      "version": "3.3.4",
      "resolved": "https://registry.npmjs.org/mumath/-/mumath-3.3.4.tgz",
      "integrity": "sha512-VAFIOG6rsxoc7q/IaY3jdjmrsuX9f15KlRLYTHmixASBZkZEKC1IFqE2BC5CdhXmK6WLM1Re33z//AGmeRI6FA==",
      "requires": {
        "almost-equal": "^1.1.0"
      }
    },
    "tinycolor2": {
      "version": "1.6.0",
      "resolved": "https://registry.npmjs.org/tinycolor2/-/tinycolor2-1.6.0.tgz",
      "integrity": "sha512-XPaBkWQJdsf3pLKJV9p4qN/S+fm2Oj8AIPo1BTUhg5oxkvm9+SVEGFdhyOz7tTdUTfvxMiAs4sp6/eZO2Ew+pw=="
    },
    "tinygradient": {
      "version": "1.1.5",
      "resolved": "https://registry.npmjs.org/tinygradient/-/tinygradient-1.1.5.tgz",
      "integrity": "sha512-8nIfc2vgQ4TeLnk2lFj4tRLvvJwEfQuabdsmvDdQPT0xlk9TaNtpGd6nNRxXoK6vQhN6RSzj+Cnp5tTQmpxmbw==",
      "requires": {
        "@types/tinycolor2": "^1.4.0",
        "tinycolor2": "^1.0.0"
      }
    },
    "zigbee-clusters": {
      "version": "2.2.2",
      "resolved": "https://registry.npmjs.org/zigbee-clusters/-/zigbee-clusters-2.2.2.tgz",
      "integrity": "sha512-sF+G0wpO4gcmpGxD8DnCgyTQ6ruogaJhxFzSpMfzGMOLEj2mDwzRZ27Kn+oX2YescaZqj7od2mVlzxxIiiU8tA==",
      "requires": {
        "@athombv/data-types": "^1.1.3",
        "debug": "^4.1.1"
      }
    }
  }
}
